
Microsoft Visual Studio Solution File, Format Version 12.00
# Visual Studio Version 17
VisualStudioVersion = 17.11.35327.3
MinimumVisualStudioVersion = 10.0.40219.1
Project("{8BC9CEB8-8B4A-11D0-8D11-00A0C91BC942}") = "Templates", "Templates.vcxproj", "{CEF0D0D4-6018-4B3F-9EAD-5E72EA0B8044}"
EndProject
Global
	GlobalSection(SolutionConfigurationPlatforms) = preSolution
		Debug|x64 = Debug|x64
		Debug|x86 = Debug|x86
		Release|x64 = Release|x64
		Release|x86 = Release|x86
	EndGlobalSection
	GlobalSection(ProjectConfigurationPlatforms) = postSolution
		{CEF0D0D4-6018-4B3F-9EAD-5E72EA0B8044}.Debug|x64.ActiveCfg = Debug|x64
		{CEF0D0D4-6018-4B3F-9EAD-5E72EA0B8044}.Debug|x64.Build.0 = Debug|x64
		{CEF0D0D4-6018-4B3F-9EAD-5E72EA0B8044}.Debug|x86.ActiveCfg = Debug|Win32
		{CEF0D0D4-6018-4B3F-9EAD-5E72EA0B8044}.Debug|x86.Build.0 = Debug|Win32
		{CEF0D0D4-6018-4B3F-9EAD-5E72EA0B8044}.Release|x64.ActiveCfg = Release|x64
		{CEF0D0D4-6018-4B3F-9EAD-5E72EA0B8044}.Release|x64.Build.0 = Release|x64
		{CEF0D0D4-6018-4B3F-9EAD-5E72EA0B8044}.Release|x86.ActiveCfg = Release|Win32
		{CEF0D0D4-6018-4B3F-9EAD-5E72EA0B8044}.Release|x86.Build.0 = Release|Win32
	EndGlobalSection
	GlobalSection(SolutionProperties) = preSolution
		HideSolutionNode = FALSE
	EndGlobalSection
	GlobalSection(ExtensibilityGlobals) = postSolution
		SolutionGuid = {9C9F7A6B-4397-4E44-AC61-EB856BF51BE5}
	EndGlobalSection
EndGlobal
